
Microsoft Visual Studio Solution File, Format Version 12.00
# Visual Studio Version 16
VisualStudioVersion = 16.0.31019.35
MinimumVisualStudioVersion = 10.0.40219.1
Project("{FAE04EC0-301F-11D3-BF4B-00C04F79EFBC}") = "FinalChallenge", "FinalChallenge\FinalChallenge.csproj", "{5C3280CC-D037-46F8-8E6A-5EC88DB30655}"
EndProject
Global
	GlobalSection(SolutionConfigurationPlatforms) = preSolution
		Debug|Any CPU = Debug|Any CPU
		Release|Any CPU = Release|Any CPU
	EndGlobalSection
	GlobalSection(ProjectConfigurationPlatforms) = postSolution
		{5C3280CC-D037-46F8-8E6A-5EC88DB30655}.Debug|Any CPU.ActiveCfg = Debug|Any CPU
		{5C3280CC-D037-46F8-8E6A-5EC88DB30655}.Debug|Any CPU.Build.0 = Debug|Any CPU
		{5C3280CC-D037-46F8-8E6A-5EC88DB30655}.Release|Any CPU.ActiveCfg = Release|Any CPU
		{5C3280CC-D037-46F8-8E6A-5EC88DB30655}.Release|Any CPU.Build.0 = Release|Any CPU
	EndGlobalSection
	GlobalSection(SolutionProperties) = preSolution
		HideSolutionNode = FALSE
	EndGlobalSection
	GlobalSection(ExtensibilityGlobals) = postSolution
		SolutionGuid = {9B55C921-047E-4707-B0D1-73A1220D7D81}
	EndGlobalSection
EndGlobal
