
Microsoft Visual Studio Solution File, Format Version 12.00
# Visual Studio Version 16
VisualStudioVersion = 16.0.30907.101
MinimumVisualStudioVersion = 10.0.40219.1
Project("{FAE04EC0-301F-11D3-BF4B-00C04F79EFBC}") = "WhileLoops", "WhileLoops\WhileLoops.csproj", "{3FEAB3C5-061C-4375-8F6F-0998AB756E6E}"
EndProject
Global
	GlobalSection(SolutionConfigurationPlatforms) = preSolution
		Debug|Any CPU = Debug|Any CPU
		Release|Any CPU = Release|Any CPU
	EndGlobalSection
	GlobalSection(ProjectConfigurationPlatforms) = postSolution
		{3FEAB3C5-061C-4375-8F6F-0998AB756E6E}.Debug|Any CPU.ActiveCfg = Debug|Any CPU
		{3FEAB3C5-061C-4375-8F6F-0998AB756E6E}.Debug|Any CPU.Build.0 = Debug|Any CPU
		{3FEAB3C5-061C-4375-8F6F-0998AB756E6E}.Release|Any CPU.ActiveCfg = Release|Any CPU
		{3FEAB3C5-061C-4375-8F6F-0998AB756E6E}.Release|Any CPU.Build.0 = Release|Any CPU
	EndGlobalSection
	GlobalSection(SolutionProperties) = preSolution
		HideSolutionNode = FALSE
	EndGlobalSection
	GlobalSection(ExtensibilityGlobals) = postSolution
		SolutionGuid = {1FDB1840-49F3-41B6-B8DF-1D0AE57BCED1}
	EndGlobalSection
EndGlobal
