
Microsoft Visual Studio Solution File, Format Version 12.00
# Visual Studio Version 16
VisualStudioVersion = 16.0.30907.101
MinimumVisualStudioVersion = 10.0.40219.1
Project("{FAE04EC0-301F-11D3-BF4B-00C04F79EFBC}") = "Blackjack", "Blackjack\Blackjack.csproj", "{B2DE224D-10F0-4683-A797-34DB2B164D56}"
EndProject
Project("{FAE04EC0-301F-11D3-BF4B-00C04F79EFBC}") = "Casino", "Casino\Casino.csproj", "{38DB12B5-551D-446C-8C73-5BA216EE3436}"
EndProject
Global
	GlobalSection(SolutionConfigurationPlatforms) = preSolution
		Debug|Any CPU = Debug|Any CPU
		Release|Any CPU = Release|Any CPU
	EndGlobalSection
	GlobalSection(ProjectConfigurationPlatforms) = postSolution
		{B2DE224D-10F0-4683-A797-34DB2B164D56}.Debug|Any CPU.ActiveCfg = Debug|Any CPU
		{B2DE224D-10F0-4683-A797-34DB2B164D56}.Debug|Any CPU.Build.0 = Debug|Any CPU
		{B2DE224D-10F0-4683-A797-34DB2B164D56}.Release|Any CPU.ActiveCfg = Release|Any CPU
		{B2DE224D-10F0-4683-A797-34DB2B164D56}.Release|Any CPU.Build.0 = Release|Any CPU
		{38DB12B5-551D-446C-8C73-5BA216EE3436}.Debug|Any CPU.ActiveCfg = Debug|Any CPU
		{38DB12B5-551D-446C-8C73-5BA216EE3436}.Debug|Any CPU.Build.0 = Debug|Any CPU
		{38DB12B5-551D-446C-8C73-5BA216EE3436}.Release|Any CPU.ActiveCfg = Release|Any CPU
		{38DB12B5-551D-446C-8C73-5BA216EE3436}.Release|Any CPU.Build.0 = Release|Any CPU
	EndGlobalSection
	GlobalSection(SolutionProperties) = preSolution
		HideSolutionNode = FALSE
	EndGlobalSection
	GlobalSection(ExtensibilityGlobals) = postSolution
		SolutionGuid = {C7C34EAC-2E3D-411A-8DCC-D3B50B5B7EA7}
	EndGlobalSection
EndGlobal
