
Microsoft Visual Studio Solution File, Format Version 12.00
# Visual Studio Version 16
VisualStudioVersion = 16.0.30907.101
MinimumVisualStudioVersion = 10.0.40219.1
Project("{FAE04EC0-301F-11D3-BF4B-00C04F79EFBC}") = "NamedArgs", "NamedArgs\NamedArgs.csproj", "{5603409D-C5BA-4348-8809-6D6883E9F0F4}"
EndProject
Global
	GlobalSection(SolutionConfigurationPlatforms) = preSolution
		Debug|Any CPU = Debug|Any CPU
		Release|Any CPU = Release|Any CPU
	EndGlobalSection
	GlobalSection(ProjectConfigurationPlatforms) = postSolution
		{5603409D-C5BA-4348-8809-6D6883E9F0F4}.Debug|Any CPU.ActiveCfg = Debug|Any CPU
		{5603409D-C5BA-4348-8809-6D6883E9F0F4}.Debug|Any CPU.Build.0 = Debug|Any CPU
		{5603409D-C5BA-4348-8809-6D6883E9F0F4}.Release|Any CPU.ActiveCfg = Release|Any CPU
		{5603409D-C5BA-4348-8809-6D6883E9F0F4}.Release|Any CPU.Build.0 = Release|Any CPU
	EndGlobalSection
	GlobalSection(SolutionProperties) = preSolution
		HideSolutionNode = FALSE
	EndGlobalSection
	GlobalSection(ExtensibilityGlobals) = postSolution
		SolutionGuid = {327C16D4-DAFF-4EC9-A5EB-6F66F4C61793}
	EndGlobalSection
EndGlobal
