
Microsoft Visual Studio Solution File, Format Version 12.00
# Visual Studio Version 16
VisualStudioVersion = 16.0.31005.135
MinimumVisualStudioVersion = 10.0.40219.1
Project("{FAE04EC0-301F-11D3-BF4B-00C04F79EFBC}") = "IOstream", "IOstream\IOstream.csproj", "{1158F9AA-4A35-4E84-B30E-A46D4B6ABF90}"
EndProject
Global
	GlobalSection(SolutionConfigurationPlatforms) = preSolution
		Debug|Any CPU = Debug|Any CPU
		Release|Any CPU = Release|Any CPU
	EndGlobalSection
	GlobalSection(ProjectConfigurationPlatforms) = postSolution
		{1158F9AA-4A35-4E84-B30E-A46D4B6ABF90}.Debug|Any CPU.ActiveCfg = Debug|Any CPU
		{1158F9AA-4A35-4E84-B30E-A46D4B6ABF90}.Debug|Any CPU.Build.0 = Debug|Any CPU
		{1158F9AA-4A35-4E84-B30E-A46D4B6ABF90}.Release|Any CPU.ActiveCfg = Release|Any CPU
		{1158F9AA-4A35-4E84-B30E-A46D4B6ABF90}.Release|Any CPU.Build.0 = Release|Any CPU
	EndGlobalSection
	GlobalSection(SolutionProperties) = preSolution
		HideSolutionNode = FALSE
	EndGlobalSection
	GlobalSection(ExtensibilityGlobals) = postSolution
		SolutionGuid = {5337F82E-604B-4A3C-9930-5A07F5C99138}
	EndGlobalSection
EndGlobal
