
Microsoft Visual Studio Solution File, Format Version 12.00
# Visual Studio Version 16
VisualStudioVersion = 16.0.30907.101
MinimumVisualStudioVersion = 10.0.40219.1
Project("{FAE04EC0-301F-11D3-BF4B-00C04F79EFBC}") = "MethodOverload", "MethodOverload\MethodOverload.csproj", "{DA611A26-22E5-4073-990F-B988780FF789}"
EndProject
Global
	GlobalSection(SolutionConfigurationPlatforms) = preSolution
		Debug|Any CPU = Debug|Any CPU
		Release|Any CPU = Release|Any CPU
	EndGlobalSection
	GlobalSection(ProjectConfigurationPlatforms) = postSolution
		{DA611A26-22E5-4073-990F-B988780FF789}.Debug|Any CPU.ActiveCfg = Debug|Any CPU
		{DA611A26-22E5-4073-990F-B988780FF789}.Debug|Any CPU.Build.0 = Debug|Any CPU
		{DA611A26-22E5-4073-990F-B988780FF789}.Release|Any CPU.ActiveCfg = Release|Any CPU
		{DA611A26-22E5-4073-990F-B988780FF789}.Release|Any CPU.Build.0 = Release|Any CPU
	EndGlobalSection
	GlobalSection(SolutionProperties) = preSolution
		HideSolutionNode = FALSE
	EndGlobalSection
	GlobalSection(ExtensibilityGlobals) = postSolution
		SolutionGuid = {2A6FA0EE-1E6B-4C15-AED5-2A235D0774A6}
	EndGlobalSection
EndGlobal
